
Microsoft Visual Studio Solution File, Format Version 12.00
# Visual Studio Version 17
VisualStudioVersion = 17.0.31903.59
MinimumVisualStudioVersion = 10.0.40219.1
Project("{FAE04EC0-301F-11D3-BF4B-00C04F79EFBC}") = "Devantler.KubernetesGenerator.K3d", "Devantler.KubernetesGenerator.K3d\Devantler.KubernetesGenerator.K3d.csproj", "{5FFAA1C6-FA4D-448B-904E-4CC015742CA7}"
EndProject
Project("{FAE04EC0-301F-11D3-BF4B-00C04F79EFBC}") = "Devantler.KubernetesGenerator.K3d.Tests", "Devantler.KubernetesGenerator.K3d.Tests\Devantler.KubernetesGenerator.K3d.Tests.csproj", "{2E407F64-15F9-4E2E-8893-FFC46AEA09F4}"
EndProject
Project("{FAE04EC0-301F-11D3-BF4B-00C04F79EFBC}") = "Devantler.KubernetesGenerator.Flux", "Devantler.KubernetesGenerator.Flux\Devantler.KubernetesGenerator.Flux.csproj", "{1353E5F1-C3A5-469A-8214-8B22403B8FC1}"
EndProject
Project("{FAE04EC0-301F-11D3-BF4B-00C04F79EFBC}") = "Devantler.KubernetesGenerator.Flux.Tests", "Devantler.KubernetesGenerator.Flux.Tests\Devantler.KubernetesGenerator.Flux.Tests.csproj", "{46DD010D-DBBB-484C-89CB-4D8B2F66C40E}"
EndProject
Project("{FAE04EC0-301F-11D3-BF4B-00C04F79EFBC}") = "Devantler.KubernetesGenerator.Native", "Devantler.KubernetesGenerator.Native\Devantler.KubernetesGenerator.Native.csproj", "{3BC033A1-29A5-499A-AFF3-0C9899B16DBD}"
EndProject
Project("{FAE04EC0-301F-11D3-BF4B-00C04F79EFBC}") = "Devantler.KubernetesGenerator.Native.Tests", "Devantler.KubernetesGenerator.Native.Tests\Devantler.KubernetesGenerator.Native.Tests.csproj", "{03B83E8E-900D-435E-A198-D908ADB97ADF}"
EndProject
Project("{FAE04EC0-301F-11D3-BF4B-00C04F79EFBC}") = "Devantler.KubernetesGenerator.Core", "Devantler.KubernetesGenerator.Core\Devantler.KubernetesGenerator.Core.csproj", "{C5301CA2-B479-49F5-9958-FBDFCEC700AA}"
EndProject
Project("{FAE04EC0-301F-11D3-BF4B-00C04F79EFBC}") = "Devantler.KubernetesGenerator.Kustomize", "Devantler.KubernetesGenerator.Kustomize\Devantler.KubernetesGenerator.Kustomize.csproj", "{E72FAEC0-7DA1-442C-B26A-DF5E4F00E915}"
EndProject
Project("{FAE04EC0-301F-11D3-BF4B-00C04F79EFBC}") = "Devantler.KubernetesGenerator.Kustomize.Tests", "Devantler.KubernetesGenerator.Kustomize.Tests\Devantler.KubernetesGenerator.Kustomize.Tests.csproj", "{AF9F9CD3-873B-4403-AC7C-C32154105FAB}"
EndProject
Project("{FAE04EC0-301F-11D3-BF4B-00C04F79EFBC}") = "Devantler.KubernetesGenerator.KSail", "Devantler.KubernetesGenerator.KSail\Devantler.KubernetesGenerator.KSail.csproj", "{AA005FFF-8EB2-4A46-B5A4-177FE2C47D7F}"
EndProject
Project("{FAE04EC0-301F-11D3-BF4B-00C04F79EFBC}") = "Devantler.KubernetesGenerator.KSail.Tests", "Devantler.KubernetesGenerator.KSail.Tests\Devantler.KubernetesGenerator.KSail.Tests.csproj", "{43DA7163-4120-4B1B-A38B-584051E31B61}"
EndProject
Project("{FAE04EC0-301F-11D3-BF4B-00C04F79EFBC}") = "Devantler.KubernetesGenerator.CertManager", "Devantler.KubernetesGenerator.CertManager\Devantler.KubernetesGenerator.CertManager.csproj", "{7FBDA601-0525-4761-8811-86BFBCEA82D6}"
EndProject
Project("{FAE04EC0-301F-11D3-BF4B-00C04F79EFBC}") = "Devantler.KubernetesGenerator.CertManager.Tests", "Devantler.KubernetesGenerator.CertManager.Tests\Devantler.KubernetesGenerator.CertManager.Tests.csproj", "{DF59B371-12C9-4F32-9B39-D331FFA46A08}"
EndProject
Project("{FAE04EC0-301F-11D3-BF4B-00C04F79EFBC}") = "Devantler.KubernetesGenerator.Kind", "Devantler.KubernetesGenerator.Kind\Devantler.KubernetesGenerator.Kind.csproj", "{C988BCC5-DB1C-41E3-A7F0-70D42FBD0CAD}"
EndProject
Project("{FAE04EC0-301F-11D3-BF4B-00C04F79EFBC}") = "Devantler.KubernetesGenerator.Kind.Tests", "Devantler.KubernetesGenerator.Kind.Tests\Devantler.KubernetesGenerator.Kind.Tests.csproj", "{9C065CC3-D6D6-45A8-BC6E-09336DCA813F}"
EndProject
Global
	GlobalSection(SolutionConfigurationPlatforms) = preSolution
		Debug|Any CPU = Debug|Any CPU
		Release|Any CPU = Release|Any CPU
	EndGlobalSection
	GlobalSection(ProjectConfigurationPlatforms) = postSolution
		{5FFAA1C6-FA4D-448B-904E-4CC015742CA7}.Debug|Any CPU.ActiveCfg = Debug|Any CPU
		{5FFAA1C6-FA4D-448B-904E-4CC015742CA7}.Debug|Any CPU.Build.0 = Debug|Any CPU
		{5FFAA1C6-FA4D-448B-904E-4CC015742CA7}.Release|Any CPU.ActiveCfg = Release|Any CPU
		{5FFAA1C6-FA4D-448B-904E-4CC015742CA7}.Release|Any CPU.Build.0 = Release|Any CPU
		{2E407F64-15F9-4E2E-8893-FFC46AEA09F4}.Debug|Any CPU.ActiveCfg = Debug|Any CPU
		{2E407F64-15F9-4E2E-8893-FFC46AEA09F4}.Debug|Any CPU.Build.0 = Debug|Any CPU
		{2E407F64-15F9-4E2E-8893-FFC46AEA09F4}.Release|Any CPU.ActiveCfg = Release|Any CPU
		{2E407F64-15F9-4E2E-8893-FFC46AEA09F4}.Release|Any CPU.Build.0 = Release|Any CPU
		{1353E5F1-C3A5-469A-8214-8B22403B8FC1}.Debug|Any CPU.ActiveCfg = Debug|Any CPU
		{1353E5F1-C3A5-469A-8214-8B22403B8FC1}.Debug|Any CPU.Build.0 = Debug|Any CPU
		{1353E5F1-C3A5-469A-8214-8B22403B8FC1}.Release|Any CPU.ActiveCfg = Release|Any CPU
		{1353E5F1-C3A5-469A-8214-8B22403B8FC1}.Release|Any CPU.Build.0 = Release|Any CPU
		{46DD010D-DBBB-484C-89CB-4D8B2F66C40E}.Debug|Any CPU.ActiveCfg = Debug|Any CPU
		{46DD010D-DBBB-484C-89CB-4D8B2F66C40E}.Debug|Any CPU.Build.0 = Debug|Any CPU
		{46DD010D-DBBB-484C-89CB-4D8B2F66C40E}.Release|Any CPU.ActiveCfg = Release|Any CPU
		{46DD010D-DBBB-484C-89CB-4D8B2F66C40E}.Release|Any CPU.Build.0 = Release|Any CPU
		{3BC033A1-29A5-499A-AFF3-0C9899B16DBD}.Debug|Any CPU.ActiveCfg = Debug|Any CPU
		{3BC033A1-29A5-499A-AFF3-0C9899B16DBD}.Debug|Any CPU.Build.0 = Debug|Any CPU
		{3BC033A1-29A5-499A-AFF3-0C9899B16DBD}.Release|Any CPU.ActiveCfg = Release|Any CPU
		{3BC033A1-29A5-499A-AFF3-0C9899B16DBD}.Release|Any CPU.Build.0 = Release|Any CPU
		{03B83E8E-900D-435E-A198-D908ADB97ADF}.Debug|Any CPU.ActiveCfg = Debug|Any CPU
		{03B83E8E-900D-435E-A198-D908ADB97ADF}.Debug|Any CPU.Build.0 = Debug|Any CPU
		{03B83E8E-900D-435E-A198-D908ADB97ADF}.Release|Any CPU.ActiveCfg = Release|Any CPU
		{03B83E8E-900D-435E-A198-D908ADB97ADF}.Release|Any CPU.Build.0 = Release|Any CPU
		{C5301CA2-B479-49F5-9958-FBDFCEC700AA}.Debug|Any CPU.ActiveCfg = Debug|Any CPU
		{C5301CA2-B479-49F5-9958-FBDFCEC700AA}.Debug|Any CPU.Build.0 = Debug|Any CPU
		{C5301CA2-B479-49F5-9958-FBDFCEC700AA}.Release|Any CPU.ActiveCfg = Release|Any CPU
		{C5301CA2-B479-49F5-9958-FBDFCEC700AA}.Release|Any CPU.Build.0 = Release|Any CPU
		{E72FAEC0-7DA1-442C-B26A-DF5E4F00E915}.Debug|Any CPU.ActiveCfg = Debug|Any CPU
		{E72FAEC0-7DA1-442C-B26A-DF5E4F00E915}.Debug|Any CPU.Build.0 = Debug|Any CPU
		{E72FAEC0-7DA1-442C-B26A-DF5E4F00E915}.Release|Any CPU.ActiveCfg = Release|Any CPU
		{E72FAEC0-7DA1-442C-B26A-DF5E4F00E915}.Release|Any CPU.Build.0 = Release|Any CPU
		{AF9F9CD3-873B-4403-AC7C-C32154105FAB}.Debug|Any CPU.ActiveCfg = Debug|Any CPU
		{AF9F9CD3-873B-4403-AC7C-C32154105FAB}.Debug|Any CPU.Build.0 = Debug|Any CPU
		{AF9F9CD3-873B-4403-AC7C-C32154105FAB}.Release|Any CPU.ActiveCfg = Release|Any CPU
		{AF9F9CD3-873B-4403-AC7C-C32154105FAB}.Release|Any CPU.Build.0 = Release|Any CPU
		{AA005FFF-8EB2-4A46-B5A4-177FE2C47D7F}.Debug|Any CPU.ActiveCfg = Debug|Any CPU
		{AA005FFF-8EB2-4A46-B5A4-177FE2C47D7F}.Debug|Any CPU.Build.0 = Debug|Any CPU
		{AA005FFF-8EB2-4A46-B5A4-177FE2C47D7F}.Release|Any CPU.ActiveCfg = Release|Any CPU
		{AA005FFF-8EB2-4A46-B5A4-177FE2C47D7F}.Release|Any CPU.Build.0 = Release|Any CPU
		{43DA7163-4120-4B1B-A38B-584051E31B61}.Debug|Any CPU.ActiveCfg = Debug|Any CPU
		{43DA7163-4120-4B1B-A38B-584051E31B61}.Debug|Any CPU.Build.0 = Debug|Any CPU
		{43DA7163-4120-4B1B-A38B-584051E31B61}.Release|Any CPU.ActiveCfg = Release|Any CPU
		{43DA7163-4120-4B1B-A38B-584051E31B61}.Release|Any CPU.Build.0 = Release|Any CPU
		{7FBDA601-0525-4761-8811-86BFBCEA82D6}.Debug|Any CPU.ActiveCfg = Debug|Any CPU
		{7FBDA601-0525-4761-8811-86BFBCEA82D6}.Debug|Any CPU.Build.0 = Debug|Any CPU
		{7FBDA601-0525-4761-8811-86BFBCEA82D6}.Release|Any CPU.ActiveCfg = Release|Any CPU
		{7FBDA601-0525-4761-8811-86BFBCEA82D6}.Release|Any CPU.Build.0 = Release|Any CPU
		{DF59B371-12C9-4F32-9B39-D331FFA46A08}.Debug|Any CPU.ActiveCfg = Debug|Any CPU
		{DF59B371-12C9-4F32-9B39-D331FFA46A08}.Debug|Any CPU.Build.0 = Debug|Any CPU
		{DF59B371-12C9-4F32-9B39-D331FFA46A08}.Release|Any CPU.ActiveCfg = Release|Any CPU
		{DF59B371-12C9-4F32-9B39-D331FFA46A08}.Release|Any CPU.Build.0 = Release|Any CPU
		{C988BCC5-DB1C-41E3-A7F0-70D42FBD0CAD}.Debug|Any CPU.ActiveCfg = Debug|Any CPU
		{C988BCC5-DB1C-41E3-A7F0-70D42FBD0CAD}.Debug|Any CPU.Build.0 = Debug|Any CPU
		{C988BCC5-DB1C-41E3-A7F0-70D42FBD0CAD}.Release|Any CPU.ActiveCfg = Release|Any CPU
		{C988BCC5-DB1C-41E3-A7F0-70D42FBD0CAD}.Release|Any CPU.Build.0 = Release|Any CPU
		{9C065CC3-D6D6-45A8-BC6E-09336DCA813F}.Debug|Any CPU.ActiveCfg = Debug|Any CPU
		{9C065CC3-D6D6-45A8-BC6E-09336DCA813F}.Debug|Any CPU.Build.0 = Debug|Any CPU
		{9C065CC3-D6D6-45A8-BC6E-09336DCA813F}.Release|Any CPU.ActiveCfg = Release|Any CPU
		{9C065CC3-D6D6-45A8-BC6E-09336DCA813F}.Release|Any CPU.Build.0 = Release|Any CPU
	EndGlobalSection
	GlobalSection(SolutionProperties) = preSolution
		HideSolutionNode = FALSE
	EndGlobalSection
EndGlobal
